// !$*UTF8*$!
{
	archiveVersion = 1;
	classes = {
	};
	objectVersion = 46;
	objects = {

/* Begin PBXBuildFile section */
		FEEAD4E91DE515560012071A /* AppDelegate.swift in Sources */ = {isa = PBXBuildFile; fileRef = FEEAD4E81DE515560012071A /* AppDelegate.swift */; };
		FEEAD4EB1DE515560012071A /* ViewController.swift in Sources */ = {isa = PBXBuildFile; fileRef = FEEAD4EA1DE515560012071A /* ViewController.swift */; };
		FEEAD4EE1DE515560012071A /* Main.storyboard in Resources */ = {isa = PBXBuildFile; fileRef = FEEAD4EC1DE515560012071A /* Main.storyboard */; };
		FEEAD4F01DE515560012071A /* Assets.xcassets in Resources */ = {isa = PBXBuildFile; fileRef = FEEAD4EF1DE515560012071A /* Assets.xcassets */; };
		FEEAD4F31DE515560012071A /* LaunchScreen.storyboard in Resources */ = {isa = PBXBuildFile; fileRef = FEEAD4F11DE515560012071A /* LaunchScreen.storyboard */; };
		FEEAD4FE1DE519770012071A /* CircleButton.swift in Sources */ = {isa = PBXBuildFile; fileRef = FEEAD4FD1DE519770012071A /* CircleButton.swift */; };
		FEEAD5001DE51FF30012071A /* test.m4a in Resources */ = {isa = PBXBuildFile; fileRef = FEEAD4FF1DE51FF30012071A /* test.m4a */; };
/* End PBXBuildFile section */

/* Begin PBXFileReference section */
		FEEAD4E51DE515560012071A /* SpeechRecognition.app */ = {isa = PBXFileReference; explicitFileType = wrapper.application; includeInIndex = 0; path = SpeechRecognition.app; sourceTree = BUILT_PRODUCTS_DIR; };
		FEEAD4E81DE515560012071A /* AppDelegate.swift */ = {isa = PBXFileReference; lastKnownFileType = sourcecode.swift; path = AppDelegate.swift; sourceTree = "<group>"; };
		FEEAD4EA1DE515560012071A /* ViewController.swift */ = {isa = PBXFileReference; lastKnownFileType = sourcecode.swift; path = ViewController.swift; sourceTree = "<group>"; };
		FEEAD4ED1DE515560012071A /* Base */ = {isa = PBXFileReference; lastKnownFileType = file.storyboard; name = Base; path = Base.lproj/Main.storyboard; sourceTree = "<group>"; };
		FEEAD4EF1DE515560012071A /* Assets.xcassets */ = {isa = PBXFileReference; lastKnownFileType = folder.assetcatalog; path = Assets.xcassets; sourceTree = "<group>"; };
		FEEAD4F21DE515560012071A /* Base */ = {isa = PBXFileReference; lastKnownFileType = file.storyboard; name = Base; path = Base.lproj/LaunchScreen.storyboard; sourceTree = "<group>"; };
		FEEAD4F41DE515560012071A /* Info.plist */ = {isa = PBXFileReference; lastKnownFileType = text.plist.xml; path = Info.plist; sourceTree = "<group>"; };
		FEEAD4FD1DE519770012071A /* CircleButton.swift */ = {isa = PBXFileReference; fileEncoding = 4; lastKnownFileType = sourcecode.swift; path = CircleButton.swift; sourceTree = "<group>"; };
		FEEAD4FF1DE51FF30012071A /* test.m4a */ = {isa = PBXFileReference; lastKnownFileType = file; path = test.m4a; sourceTree = "<group>"; };
/* End PBXFileReference section */

/* Begin PBXFrameworksBuildPhase section */
		FEEAD4E21DE515550012071A /* Frameworks */ = {
			isa = PBXFrameworksBuildPhase;
			buildActionMask = 2147483647;
			files = (
			);
			runOnlyForDeploymentPostprocessing = 0;
		};
/* End PBXFrameworksBuildPhase section */

/* Begin PBXGroup section */
		FEEAD4DC1DE515550012071A = {
			isa = PBXGroup;
			children = (
				FEEAD4E71DE515560012071A /* SpeechRecognition */,
				FEEAD4E61DE515560012071A /* Products */,
			);
			sourceTree = "<group>";
		};
		FEEAD4E61DE515560012071A /* Products */ = {
			isa = PBXGroup;
			children = (
				FEEAD4E51DE515560012071A /* SpeechRecognition.app */,
			);
			name = Products;
			sourceTree = "<group>";
		};
		FEEAD4E71DE515560012071A /* SpeechRecognition */ = {
			isa = PBXGroup;
			children = (
				FEEAD4FB1DE5192D0012071A /* Model */,
				FEEAD4FA1DE519260012071A /* View */,
				FEEAD4FC1DE519320012071A /* Controller */,
				FEEAD5011DE51FFC0012071A /* Resources */,
				FEEAD4E81DE515560012071A /* AppDelegate.swift */,
				FEEAD4EC1DE515560012071A /* Main.storyboard */,
				FEEAD4EF1DE515560012071A /* Assets.xcassets */,
				FEEAD4F11DE515560012071A /* LaunchScreen.storyboard */,
				FEEAD4F41DE515560012071A /* Info.plist */,
			);
			path = SpeechRecognition;
			sourceTree = "<group>";
		};
		FEEAD4FA1DE519260012071A /* View */ = {
			isa = PBXGroup;
			children = (
				FEEAD4FD1DE519770012071A /* CircleButton.swift */,
			);
			name = View;
			sourceTree = "<group>";
		};
		FEEAD4FB1DE5192D0012071A /* Model */ = {
			isa = PBXGroup;
			children = (
			);
			name = Model;
			sourceTree = "<group>";
		};
		FEEAD4FC1DE519320012071A /* Controller */ = {
			isa = PBXGroup;
			children = (
				FEEAD4EA1DE515560012071A /* ViewController.swift */,
			);
			name = Controller;
			sourceTree = "<group>";
		};
		FEEAD5011DE51FFC0012071A /* Resources */ = {
			isa = PBXGroup;
			children = (
				FEEAD4FF1DE51FF30012071A /* test.m4a */,
			);
			name = Resources;
			sourceTree = "<group>";
		};
/* End PBXGroup section */

/* Begin PBXNativeTarget section */
		FEEAD4E41DE515550012071A /* SpeechRecognition */ = {
			isa = PBXNativeTarget;
			buildConfigurationList = FEEAD4F71DE515560012071A /* Build configuration list for PBXNativeTarget "SpeechRecognition" */;
			buildPhases = (
				FEEAD4E11DE515550012071A /* Sources */,
				FEEAD4E21DE515550012071A /* Frameworks */,
				FEEAD4E31DE515550012071A /* Resources */,
			);
			buildRules = (
			);
			dependencies = (
			);
			name = SpeechRecognition;
			productName = SpeechRecognition;
			productReference = FEEAD4E51DE515560012071A /* SpeechRecognition.app */;
			productType = "com.apple.product-type.application";
		};
/* End PBXNativeTarget section */

/* Begin PBXProject section */
		FEEAD4DD1DE515550012071A /* Project object */ = {
			isa = PBXProject;
			attributes = {
				LastSwiftUpdateCheck = 0810;
				LastUpgradeCheck = 0810;
				ORGANIZATIONNAME = PomHaffs;
				TargetAttributes = {
					FEEAD4E41DE515550012071A = {
						CreatedOnToolsVersion = 8.1;
						DevelopmentTeam = 37N4597A88;
						ProvisioningStyle = Automatic;
					};
				};
			};
			buildConfigurationList = FEEAD4E01DE515550012071A /* Build configuration list for PBXProject "SpeechRecognition" */;
			compatibilityVersion = "Xcode 3.2";
			developmentRegion = English;
			hasScannedForEncodings = 0;
			knownRegions = (
				en,
				Base,
			);
			mainGroup = FEEAD4DC1DE515550012071A;
			productRefGroup = FEEAD4E61DE515560012071A /* Products */;
			projectDirPath = "";
			projectRoot = "";
			targets = (
				FEEAD4E41DE515550012071A /* SpeechRecognition */,
			);
		};
/* End PBXProject section */

/* Begin PBXResourcesBuildPhase section */
		FEEAD4E31DE515550012071A /* Resources */ = {
			isa = PBXResourcesBuildPhase;
			buildActionMask = 2147483647;
			files = (
				FEEAD5001DE51FF30012071A /* test.m4a in Resources */,
				FEEAD4F31DE515560012071A /* LaunchScreen.storyboard in Resources */,
				FEEAD4F01DE515560012071A /* Assets.xcassets in Resources */,
				FEEAD4EE1DE515560012071A /* Main.storyboard in Resources */,
			);
			runOnlyForDeploymentPostprocessing = 0;
		};
/* End PBXResourcesBuildPhase section */

/* Begin PBXSourcesBuildPhase section */
		FEEAD4E11DE515550012071A /* Sources */ = {
			isa = PBXSourcesBuildPhase;
			buildActionMask = 2147483647;
			files = (
				FEEAD4FE1DE519770012071A /* CircleButton.swift in Sources */,
				FEEAD4EB1DE515560012071A /* ViewController.swift in Sources */,
				FEEAD4E91DE515560012071A /* AppDelegate.swift in Sources */,
			);
			runOnlyForDeploymentPostprocessing = 0;
		};
/* End PBXSourcesBuildPhase section */

/* Begin PBXVariantGroup section */
		FEEAD4EC1DE515560012071A /* Main.storyboard */ = {
			isa = PBXVariantGroup;
			children = (
				FEEAD4ED1DE515560012071A /* Base */,
			);
			name = Main.storyboard;
			sourceTree = "<group>";
		};
		FEEAD4F11DE515560012071A /* LaunchScreen.storyboard */ = {
			isa = PBXVariantGroup;
			children = (
				FEEAD4F21DE515560012071A /* Base */,
			);
			name = LaunchScreen.storyboard;
			sourceTree = "<group>";
		};
/* End PBXVariantGroup section */

/* Begin XCBuildConfiguration section */
		FEEAD4F51DE515560012071A /* Debug */ = {
			isa = XCBuildConfiguration;
			buildSettings = {
				ALWAYS_SEARCH_USER_PATHS = NO;
				CLANG_ANALYZER_NONNULL = YES;
				CLANG_CXX_LANGUAGE_STANDARD = "gnu++0x";
				CLANG_CXX_LIBRARY = "libc++";
				CLANG_ENABLE_MODULES = YES;
				CLANG_ENABLE_OBJC_ARC = YES;
				CLANG_WARN_BOOL_CONVERSION = YES;
				CLANG_WARN_CONSTANT_CONVERSION = YES;
				CLANG_WARN_DIRECT_OBJC_ISA_USAGE = YES_ERROR;
				CLANG_WARN_DOCUMENTATION_COMMENTS = YES;
				CLANG_WARN_EMPTY_BODY = YES;
				CLANG_WARN_ENUM_CONVERSION = YES;
				CLANG_WARN_INFINITE_RECURSION = YES;
				CLANG_WARN_INT_CONVERSION = YES;
				CLANG_WARN_OBJC_ROOT_CLASS = YES_ERROR;
				CLANG_WARN_SUSPICIOUS_MOVES = YES;
				CLANG_WARN_UNREACHABLE_CODE = YES;
				CLANG_WARN__DUPLICATE_METHOD_MATCH = YES;
				"CODE_SIGN_IDENTITY[sdk=iphoneos*]" = "iPhone Developer";
				COPY_PHASE_STRIP = NO;
				DEBUG_INFORMATION_FORMAT = dwarf;
				ENABLE_STRICT_OBJC_MSGSEND = YES;
				ENABLE_TESTABILITY = YES;
				GCC_C_LANGUAGE_STANDARD = gnu99;
				GCC_DYNAMIC_NO_PIC = NO;
				GCC_NO_COMMON_BLOCKS = YES;
				GCC_OPTIMIZATION_LEVEL = 0;
				GCC_PREPROCESSOR_DEFINITIONS = (
					"DEBUG=1",
					"$(inherited)",
				);
				GCC_WARN_64_TO_32_BIT_CONVERSION = YES;
				GCC_WARN_ABOUT_RETURN_TYPE = YES_ERROR;
				GCC_WARN_UNDECLARED_SELECTOR = YES;
				GCC_WARN_UNINITIALIZED_AUTOS = YES_AGGRESSIVE;
				GCC_WARN_UNUSED_FUNCTION = YES;
				GCC_WARN_UNUSED_VARIABLE = YES;
				IPHONEOS_DEPLOYMENT_TARGET = 10.1;
				MTL_ENABLE_DEBUG_INFO = YES;
				ONLY_ACTIVE_ARCH = YES;
				SDKROOT = iphoneos;
				SWIFT_ACTIVE_COMPILATION_CONDITIONS = DEBUG;
				SWIFT_OPTIMIZATION_LEVEL = "-Onone";
				TARGETED_DEVICE_FAMILY = "1,2";
			};
			name = Debug;
		};
		FEEAD4F61DE515560012071A /* Release */ = {
			isa = XCBuildConfiguration;
			buildSettings = {
				ALWAYS_SEARCH_USER_PATHS = NO;
				CLANG_ANALYZER_NONNULL = YES;
				CLANG_CXX_LANGUAGE_STANDARD = "gnu++0x";
				CLANG_CXX_LIBRARY = "libc++";
				CLANG_ENABLE_MODULES = YES;
				CLANG_ENABLE_OBJC_ARC = YES;
				CLANG_WARN_BOOL_CONVERSION = YES;
				CLANG_WARN_CONSTANT_CONVERSION = YES;
				CLANG_WARN_DIRECT_OBJC_ISA_USAGE = YES_ERROR;
				CLANG_WARN_DOCUMENTATION_COMMENTS = YES;
				CLANG_WARN_EMPTY_BODY = YES;
				CLANG_WARN_ENUM_CONVERSION = YES;
				CLANG_WARN_INFINITE_RECURSION = YES;
				CLANG_WARN_INT_CONVERSION = YES;
				CLANG_WARN_OBJC_ROOT_CLASS = YES_ERROR;
				CLANG_WARN_SUSPICIOUS_MOVES = YES;
				CLANG_WARN_UNREACHABLE_CODE = YES;
				CLANG_WARN__DUPLICATE_METHOD_MATCH = YES;
				"CODE_SIGN_IDENTITY[sdk=iphoneos*]" = "iPhone Developer";
				COPY_PHASE_STRIP = NO;
				DEBUG_INFORMATION_FORMAT = "dwarf-with-dsym";
				ENABLE_NS_ASSERTIONS = NO;
				ENABLE_STRICT_OBJC_MSGSEND = YES;
				GCC_C_LANGUAGE_STANDARD = gnu99;
				GCC_NO_COMMON_BLOCKS = YES;
				GCC_WARN_64_TO_32_BIT_CONVERSION = YES;
				GCC_WARN_ABOUT_RETURN_TYPE = YES_ERROR;
				GCC_WARN_UNDECLARED_SELECTOR = YES;
				GCC_WARN_UNINITIALIZED_AUTOS = YES_AGGRESSIVE;
				GCC_WARN_UNUSED_FUNCTION = YES;
				GCC_WARN_UNUSED_VARIABLE = YES;
				IPHONEOS_DEPLOYMENT_TARGET = 10.1;
				MTL_ENABLE_DEBUG_INFO = NO;
				SDKROOT = iphoneos;
				SWIFT_OPTIMIZATION_LEVEL = "-Owholemodule";
				TARGETED_DEVICE_FAMILY = "1,2";
				VALIDATE_PRODUCT = YES;
			};
			name = Release;
		};
		FEEAD4F81DE515560012071A /* Debug */ = {
			isa = XCBuildConfiguration;
			buildSettings = {
				ASSETCATALOG_COMPILER_APPICON_NAME = AppIcon;
				DEVELOPMENT_TEAM = 37N4597A88;
				INFOPLIST_FILE = SpeechRecognition/Info.plist;
				LD_RUNPATH_SEARCH_PATHS = "$(inherited) @executable_path/Frameworks";
				PRODUCT_BUNDLE_IDENTIFIER = PomHaffs.SpeechRecognition;
				PRODUCT_NAME = "$(TARGET_NAME)";
				SWIFT_VERSION = 3.0;
			};
			name = Debug;
		};
		FEEAD4F91DE515560012071A /* Release */ = {
			isa = XCBuildConfiguration;
			buildSettings = {
				ASSETCATALOG_COMPILER_APPICON_NAME = AppIcon;
				DEVELOPMENT_TEAM = 37N4597A88;
				INFOPLIST_FILE = SpeechRecognition/Info.plist;
				LD_RUNPATH_SEARCH_PATHS = "$(inherited) @executable_path/Frameworks";
				PRODUCT_BUNDLE_IDENTIFIER = PomHaffs.SpeechRecognition;
				PRODUCT_NAME = "$(TARGET_NAME)";
				SWIFT_VERSION = 3.0;
			};
			name = Release;
		};
/* End XCBuildConfiguration section */

/* Begin XCConfigurationList section */
		FEEAD4E01DE515550012071A /* Build configuration list for PBXProject "SpeechRecognition" */ = {
			isa = XCConfigurationList;
			buildConfigurations = (
				FEEAD4F51DE515560012071A /* Debug */,
				FEEAD4F61DE515560012071A /* Release */,
			);
			defaultConfigurationIsVisible = 0;
			defaultConfigurationName = Release;
		};
		FEEAD4F71DE515560012071A /* Build configuration list for PBXNativeTarget "SpeechRecognition" */ = {
			isa = XCConfigurationList;
			buildConfigurations = (
				FEEAD4F81DE515560012071A /* Debug */,
				FEEAD4F91DE515560012071A /* Release */,
			);
			defaultConfigurationIsVisible = 0;
		};
/* End XCConfigurationList section */
	};
	rootObject = FEEAD4DD1DE515550012071A /* Project object */;
}
